
Microsoft Visual Studio Solution File, Format Version 12.00
# Visual Studio Version 17
VisualStudioVersion = 17.7.34031.279
MinimumVisualStudioVersion = 10.0.40219.1
Project("{FAE04EC0-301F-11D3-BF4B-00C04F79EFBC}") = "Shop", "Shop\Shop.csproj", "{A326043E-EDCD-4953-8942-4F43C7FF0434}"
EndProject
Global
	GlobalSection(SolutionConfigurationPlatforms) = preSolution
		Debug|Any CPU = Debug|Any CPU
		Release|Any CPU = Release|Any CPU
	EndGlobalSection
	GlobalSection(ProjectConfigurationPlatforms) = postSolution
		{A326043E-EDCD-4953-8942-4F43C7FF0434}.Debug|Any CPU.ActiveCfg = Debug|Any CPU
		{A326043E-EDCD-4953-8942-4F43C7FF0434}.Debug|Any CPU.Build.0 = Debug|Any CPU
		{A326043E-EDCD-4953-8942-4F43C7FF0434}.Release|Any CPU.ActiveCfg = Release|Any CPU
		{A326043E-EDCD-4953-8942-4F43C7FF0434}.Release|Any CPU.Build.0 = Release|Any CPU
	EndGlobalSection
	GlobalSection(SolutionProperties) = preSolution
		HideSolutionNode = FALSE
	EndGlobalSection
	GlobalSection(ExtensibilityGlobals) = postSolution
		SolutionGuid = {89A4FED9-D548-4AB5-BA9E-F2A3363AAC31}
	EndGlobalSection
EndGlobal
